
Microsoft Visual Studio Solution File, Format Version 12.00
# Visual Studio Version 16
VisualStudioVersion = 16.0.30204.135
MinimumVisualStudioVersion = 10.0.40219.1
Project("{FAE04EC0-301F-11D3-BF4B-00C04F79EFBC}") = "AvaloniaApplication2", "AvaloniaApplication2\AvaloniaApplication2.csproj", "{82B5D6AC-0DAD-40F5-A284-2231D9F05B2B}"
EndProject
Global
	GlobalSection(SolutionConfigurationPlatforms) = preSolution
		Debug|Any CPU = Debug|Any CPU
		Release|Any CPU = Release|Any CPU
	EndGlobalSection
	GlobalSection(ProjectConfigurationPlatforms) = postSolution
		{82B5D6AC-0DAD-40F5-A284-2231D9F05B2B}.Debug|Any CPU.ActiveCfg = Debug|Any CPU
		{82B5D6AC-0DAD-40F5-A284-2231D9F05B2B}.Debug|Any CPU.Build.0 = Debug|Any CPU
		{82B5D6AC-0DAD-40F5-A284-2231D9F05B2B}.Release|Any CPU.ActiveCfg = Release|Any CPU
		{82B5D6AC-0DAD-40F5-A284-2231D9F05B2B}.Release|Any CPU.Build.0 = Release|Any CPU
	EndGlobalSection
	GlobalSection(SolutionProperties) = preSolution
		HideSolutionNode = FALSE
	EndGlobalSection
	GlobalSection(ExtensibilityGlobals) = postSolution
		SolutionGuid = {26F661A5-EB9C-489D-AC0C-4B14152D5C54}
	EndGlobalSection
EndGlobal
